// !$*UTF8*$!
{
	archiveVersion = 1;
	classes = {
	};
	objectVersion = 46;
	objects = {

/* Begin PBXBuildFile section */
		4169AC57E354D41510838227 /* Pods_BBTestAppUploadToFabric.framework in Frameworks */ = {isa = PBXBuildFile; fileRef = 14A87F590522797EFDBAE4FC /* Pods_BBTestAppUploadToFabric.framework */; };
		7AA3A0C61F62D3D5005D080D /* AppDelegate.swift in Sources */ = {isa = PBXBuildFile; fileRef = 7AA3A0C51F62D3D5005D080D /* AppDelegate.swift */; };
		7AA3A0C81F62D3D5005D080D /* ViewController.swift in Sources */ = {isa = PBXBuildFile; fileRef = 7AA3A0C71F62D3D5005D080D /* ViewController.swift */; };
		7AA3A0CB1F62D3D5005D080D /* Main.storyboard in Resources */ = {isa = PBXBuildFile; fileRef = 7AA3A0C91F62D3D5005D080D /* Main.storyboard */; };
		7AA3A0CD1F62D3D5005D080D /* Assets.xcassets in Resources */ = {isa = PBXBuildFile; fileRef = 7AA3A0CC1F62D3D5005D080D /* Assets.xcassets */; };
		7AA3A0D01F62D3D5005D080D /* LaunchScreen.storyboard in Resources */ = {isa = PBXBuildFile; fileRef = 7AA3A0CE1F62D3D5005D080D /* LaunchScreen.storyboard */; };
/* End PBXBuildFile section */

/* Begin PBXFileReference section */
		14A87F590522797EFDBAE4FC /* Pods_BBTestAppUploadToFabric.framework */ = {isa = PBXFileReference; explicitFileType = wrapper.framework; includeInIndex = 0; path = Pods_BBTestAppUploadToFabric.framework; sourceTree = BUILT_PRODUCTS_DIR; };
		7A8997E31F62DA22004E428C /* Config-Debug.xcconfig */ = {isa = PBXFileReference; lastKnownFileType = text.xcconfig; path = "Config-Debug.xcconfig"; sourceTree = "<group>"; };
		7A8997E41F62DABB004E428C /* Config-Release.xcconfig */ = {isa = PBXFileReference; lastKnownFileType = text.xcconfig; path = "Config-Release.xcconfig"; sourceTree = "<group>"; };
		7AA3A0C21F62D3D5005D080D /* BBTestAppUploadToFabric.app */ = {isa = PBXFileReference; explicitFileType = wrapper.application; includeInIndex = 0; path = BBTestAppUploadToFabric.app; sourceTree = BUILT_PRODUCTS_DIR; };
		7AA3A0C51F62D3D5005D080D /* AppDelegate.swift */ = {isa = PBXFileReference; lastKnownFileType = sourcecode.swift; path = AppDelegate.swift; sourceTree = "<group>"; };
		7AA3A0C71F62D3D5005D080D /* ViewController.swift */ = {isa = PBXFileReference; lastKnownFileType = sourcecode.swift; path = ViewController.swift; sourceTree = "<group>"; };
		7AA3A0CA1F62D3D5005D080D /* Base */ = {isa = PBXFileReference; lastKnownFileType = file.storyboard; name = Base; path = Base.lproj/Main.storyboard; sourceTree = "<group>"; };
		7AA3A0CC1F62D3D5005D080D /* Assets.xcassets */ = {isa = PBXFileReference; lastKnownFileType = folder.assetcatalog; path = Assets.xcassets; sourceTree = "<group>"; };
		7AA3A0CF1F62D3D5005D080D /* Base */ = {isa = PBXFileReference; lastKnownFileType = file.storyboard; name = Base; path = Base.lproj/LaunchScreen.storyboard; sourceTree = "<group>"; };
		7AA3A0D11F62D3D5005D080D /* Info.plist */ = {isa = PBXFileReference; lastKnownFileType = text.plist.xml; path = Info.plist; sourceTree = "<group>"; };
		DAED0080DB9E99D997BFB35D /* Pods-BBTestAppUploadToFabric.debug.xcconfig */ = {isa = PBXFileReference; includeInIndex = 1; lastKnownFileType = text.xcconfig; name = "Pods-BBTestAppUploadToFabric.debug.xcconfig"; path = "Pods/Target Support Files/Pods-BBTestAppUploadToFabric/Pods-BBTestAppUploadToFabric.debug.xcconfig"; sourceTree = "<group>"; };
		F7215895F9A38626D078554F /* Pods-BBTestAppUploadToFabric.release.xcconfig */ = {isa = PBXFileReference; includeInIndex = 1; lastKnownFileType = text.xcconfig; name = "Pods-BBTestAppUploadToFabric.release.xcconfig"; path = "Pods/Target Support Files/Pods-BBTestAppUploadToFabric/Pods-BBTestAppUploadToFabric.release.xcconfig"; sourceTree = "<group>"; };
/* End PBXFileReference section */

/* Begin PBXFrameworksBuildPhase section */
		7AA3A0BF1F62D3D5005D080D /* Frameworks */ = {
			isa = PBXFrameworksBuildPhase;
			buildActionMask = 2147483647;
			files = (
				4169AC57E354D41510838227 /* Pods_BBTestAppUploadToFabric.framework in Frameworks */,
			);
			runOnlyForDeploymentPostprocessing = 0;
		};
/* End PBXFrameworksBuildPhase section */

/* Begin PBXGroup section */
		7AA3A0B91F62D3D5005D080D = {
			isa = PBXGroup;
			children = (
				7AA3A0C41F62D3D5005D080D /* BBTestAppUploadToFabric */,
				7AA3A0C31F62D3D5005D080D /* Products */,
				FE59EAC091DAA5CFEE6D9C05 /* Pods */,
				905637573DE80447DB4AFAE4 /* Frameworks */,
			);
			sourceTree = "<group>";
		};
		7AA3A0C31F62D3D5005D080D /* Products */ = {
			isa = PBXGroup;
			children = (
				7AA3A0C21F62D3D5005D080D /* BBTestAppUploadToFabric.app */,
			);
			name = Products;
			sourceTree = "<group>";
		};
		7AA3A0C41F62D3D5005D080D /* BBTestAppUploadToFabric */ = {
			isa = PBXGroup;
			children = (
				7A8997E41F62DABB004E428C /* Config-Release.xcconfig */,
				7AA3A0C51F62D3D5005D080D /* AppDelegate.swift */,
				7AA3A0C71F62D3D5005D080D /* ViewController.swift */,
				7AA3A0C91F62D3D5005D080D /* Main.storyboard */,
				7AA3A0CC1F62D3D5005D080D /* Assets.xcassets */,
				7AA3A0CE1F62D3D5005D080D /* LaunchScreen.storyboard */,
				7AA3A0D11F62D3D5005D080D /* Info.plist */,
				7A8997E31F62DA22004E428C /* Config-Debug.xcconfig */,
			);
			path = BBTestAppUploadToFabric;
			sourceTree = "<group>";
		};
		905637573DE80447DB4AFAE4 /* Frameworks */ = {
			isa = PBXGroup;
			children = (
				14A87F590522797EFDBAE4FC /* Pods_BBTestAppUploadToFabric.framework */,
			);
			name = Frameworks;
			sourceTree = "<group>";
		};
		FE59EAC091DAA5CFEE6D9C05 /* Pods */ = {
			isa = PBXGroup;
			children = (
				DAED0080DB9E99D997BFB35D /* Pods-BBTestAppUploadToFabric.debug.xcconfig */,
				F7215895F9A38626D078554F /* Pods-BBTestAppUploadToFabric.release.xcconfig */,
			);
			name = Pods;
			sourceTree = "<group>";
		};
/* End PBXGroup section */

/* Begin PBXNativeTarget section */
		7AA3A0C11F62D3D5005D080D /* BBTestAppUploadToFabric */ = {
			isa = PBXNativeTarget;
			buildConfigurationList = 7AA3A0D41F62D3D5005D080D /* Build configuration list for PBXNativeTarget "BBTestAppUploadToFabric" */;
			buildPhases = (
				2D801700FACAB60B5A4E35F2 /* [CP] Check Pods Manifest.lock */,
				7AA3A0BE1F62D3D5005D080D /* Sources */,
				7AA3A0BF1F62D3D5005D080D /* Frameworks */,
				7AA3A0C01F62D3D5005D080D /* Resources */,
				7AA3A0D71F62D4D6005D080D /* ShellScript */,
				F203E168CCF22377170B9D86 /* [CP] Embed Pods Frameworks */,
				FFDABB53BA561605919454F2 /* [CP] Copy Pods Resources */,
			);
			buildRules = (
			);
			dependencies = (
			);
			name = BBTestAppUploadToFabric;
			productName = BBTestAppUploadToFabric;
			productReference = 7AA3A0C21F62D3D5005D080D /* BBTestAppUploadToFabric.app */;
			productType = "com.apple.product-type.application";
		};
/* End PBXNativeTarget section */

/* Begin PBXProject section */
		7AA3A0BA1F62D3D5005D080D /* Project object */ = {
			isa = PBXProject;
			attributes = {
				LastSwiftUpdateCheck = 0830;
				LastUpgradeCheck = 0830;
				ORGANIZATIONNAME = Buddybuild;
				TargetAttributes = {
					7AA3A0C11F62D3D5005D080D = {
						CreatedOnToolsVersion = 8.3.3;
						DevelopmentTeam = 8VS9JKFDZS;
						ProvisioningStyle = Automatic;
					};
				};
			};
			buildConfigurationList = 7AA3A0BD1F62D3D5005D080D /* Build configuration list for PBXProject "BBTestAppUploadToFabric" */;
			compatibilityVersion = "Xcode 3.2";
			developmentRegion = English;
			hasScannedForEncodings = 0;
			knownRegions = (
				en,
				Base,
			);
			mainGroup = 7AA3A0B91F62D3D5005D080D;
			productRefGroup = 7AA3A0C31F62D3D5005D080D /* Products */;
			projectDirPath = "";
			projectRoot = "";
			targets = (
				7AA3A0C11F62D3D5005D080D /* BBTestAppUploadToFabric */,
			);
		};
/* End PBXProject section */

/* Begin PBXResourcesBuildPhase section */
		7AA3A0C01F62D3D5005D080D /* Resources */ = {
			isa = PBXResourcesBuildPhase;
			buildActionMask = 2147483647;
			files = (
				7AA3A0D01F62D3D5005D080D /* LaunchScreen.storyboard in Resources */,
				7AA3A0CD1F62D3D5005D080D /* Assets.xcassets in Resources */,
				7AA3A0CB1F62D3D5005D080D /* Main.storyboard in Resources */,
			);
			runOnlyForDeploymentPostprocessing = 0;
		};
/* End PBXResourcesBuildPhase section */

/* Begin PBXShellScriptBuildPhase section */
		2D801700FACAB60B5A4E35F2 /* [CP] Check Pods Manifest.lock */ = {
			isa = PBXShellScriptBuildPhase;
			buildActionMask = 2147483647;
			files = (
			);
			inputPaths = (
				"${PODS_PODFILE_DIR_PATH}/Podfile.lock",
				"${PODS_ROOT}/Manifest.lock",
			);
			name = "[CP] Check Pods Manifest.lock";
			outputPaths = (
				"$(DERIVED_FILE_DIR)/Pods-BBTestAppUploadToFabric-checkManifestLockResult.txt",
			);
			runOnlyForDeploymentPostprocessing = 0;
			shellPath = /bin/sh;
			shellScript = "diff \"${PODS_PODFILE_DIR_PATH}/Podfile.lock\" \"${PODS_ROOT}/Manifest.lock\" > /dev/null\nif [ $? != 0 ] ; then\n    # print error to STDERR\n    echo \"error: The sandbox is not in sync with the Podfile.lock. Run 'pod install' or update your CocoaPods installation.\" >&2\n    exit 1\nfi\n# This output is used by Xcode 'outputs' to avoid re-running this script phase.\necho \"SUCCESS\" > \"${SCRIPT_OUTPUT_FILE_0}\"\n";
			showEnvVarsInLog = 0;
		};
		7AA3A0D71F62D4D6005D080D /* ShellScript */ = {
			isa = PBXShellScriptBuildPhase;
			buildActionMask = 2147483647;
			files = (
			);
			inputPaths = (
			);
			outputPaths = (
			);
			runOnlyForDeploymentPostprocessing = 0;
			shellPath = /bin/sh;
			shellScript = "echo \"Fabric key:\"\necho ${FABRIC_API_KEY}\necho \"Fabric Secret:\"\necho ${FABRIC_BUILD_SECRET}\n\nif [[ ! -z \"$FABRIC_BUILD_SECRET\" ]] && [[ ! -z \"$FABRIC_API_KEY\" ]]; then\n    echo \"Running Fabric.\"\n    ${PODS_ROOT}/Fabric/run a321561bfe97c813dc75de82b4c30b112e1feaaf 9427819e62c2284a13bcc8171351fcf56c3b4314a292fc5456f1e354a5029362\nelse\n    echo \"Not running Fabric.\"\nfi";
		};
		F203E168CCF22377170B9D86 /* [CP] Embed Pods Frameworks */ = {
			isa = PBXShellScriptBuildPhase;
			buildActionMask = 2147483647;
			files = (
			);
			inputPaths = (
			);
			name = "[CP] Embed Pods Frameworks";
			outputPaths = (
			);
			runOnlyForDeploymentPostprocessing = 0;
			shellPath = /bin/sh;
			shellScript = "\"${SRCROOT}/Pods/Target Support Files/Pods-BBTestAppUploadToFabric/Pods-BBTestAppUploadToFabric-frameworks.sh\"\n";
			showEnvVarsInLog = 0;
		};
		FFDABB53BA561605919454F2 /* [CP] Copy Pods Resources */ = {
			isa = PBXShellScriptBuildPhase;
			buildActionMask = 2147483647;
			files = (
			);
			inputPaths = (
			);
			name = "[CP] Copy Pods Resources";
			outputPaths = (
			);
			runOnlyForDeploymentPostprocessing = 0;
			shellPath = /bin/sh;
			shellScript = "\"${SRCROOT}/Pods/Target Support Files/Pods-BBTestAppUploadToFabric/Pods-BBTestAppUploadToFabric-resources.sh\"\n";
			showEnvVarsInLog = 0;
		};
/* End PBXShellScriptBuildPhase section */

/* Begin PBXSourcesBuildPhase section */
		7AA3A0BE1F62D3D5005D080D /* Sources */ = {
			isa = PBXSourcesBuildPhase;
			buildActionMask = 2147483647;
			files = (
				7AA3A0C81F62D3D5005D080D /* ViewController.swift in Sources */,
				7AA3A0C61F62D3D5005D080D /* AppDelegate.swift in Sources */,
			);
			runOnlyForDeploymentPostprocessing = 0;
		};
/* End PBXSourcesBuildPhase section */

/* Begin PBXVariantGroup section */
		7AA3A0C91F62D3D5005D080D /* Main.storyboard */ = {
			isa = PBXVariantGroup;
			children = (
				7AA3A0CA1F62D3D5005D080D /* Base */,
			);
			name = Main.storyboard;
			sourceTree = "<group>";
		};
		7AA3A0CE1F62D3D5005D080D /* LaunchScreen.storyboard */ = {
			isa = PBXVariantGroup;
			children = (
				7AA3A0CF1F62D3D5005D080D /* Base */,
			);
			name = LaunchScreen.storyboard;
			sourceTree = "<group>";
		};
/* End PBXVariantGroup section */

/* Begin XCBuildConfiguration section */
		7AA3A0D21F62D3D5005D080D /* Debug */ = {
			isa = XCBuildConfiguration;
			buildSettings = {
				ALWAYS_SEARCH_USER_PATHS = NO;
				CLANG_ANALYZER_NONNULL = YES;
				CLANG_ANALYZER_NUMBER_OBJECT_CONVERSION = YES_AGGRESSIVE;
				CLANG_CXX_LANGUAGE_STANDARD = "gnu++0x";
				CLANG_CXX_LIBRARY = "libc++";
				CLANG_ENABLE_MODULES = YES;
				CLANG_ENABLE_OBJC_ARC = YES;
				CLANG_WARN_BOOL_CONVERSION = YES;
				CLANG_WARN_CONSTANT_CONVERSION = YES;
				CLANG_WARN_DIRECT_OBJC_ISA_USAGE = YES_ERROR;
				CLANG_WARN_DOCUMENTATION_COMMENTS = YES;
				CLANG_WARN_EMPTY_BODY = YES;
				CLANG_WARN_ENUM_CONVERSION = YES;
				CLANG_WARN_INFINITE_RECURSION = YES;
				CLANG_WARN_INT_CONVERSION = YES;
				CLANG_WARN_OBJC_ROOT_CLASS = YES_ERROR;
				CLANG_WARN_SUSPICIOUS_MOVE = YES;
				CLANG_WARN_UNREACHABLE_CODE = YES;
				CLANG_WARN__DUPLICATE_METHOD_MATCH = YES;
				"CODE_SIGN_IDENTITY[sdk=iphoneos*]" = "iPhone Developer";
				COPY_PHASE_STRIP = NO;
				DEBUG_INFORMATION_FORMAT = dwarf;
				ENABLE_STRICT_OBJC_MSGSEND = YES;
				ENABLE_TESTABILITY = YES;
				GCC_C_LANGUAGE_STANDARD = gnu99;
				GCC_DYNAMIC_NO_PIC = NO;
				GCC_NO_COMMON_BLOCKS = YES;
				GCC_OPTIMIZATION_LEVEL = 0;
				GCC_PREPROCESSOR_DEFINITIONS = (
					"DEBUG=1",
					"$(inherited)",
				);
				GCC_WARN_64_TO_32_BIT_CONVERSION = YES;
				GCC_WARN_ABOUT_RETURN_TYPE = YES_ERROR;
				GCC_WARN_UNDECLARED_SELECTOR = YES;
				GCC_WARN_UNINITIALIZED_AUTOS = YES_AGGRESSIVE;
				GCC_WARN_UNUSED_FUNCTION = YES;
				GCC_WARN_UNUSED_VARIABLE = YES;
				IPHONEOS_DEPLOYMENT_TARGET = 10.3;
				MTL_ENABLE_DEBUG_INFO = YES;
				ONLY_ACTIVE_ARCH = YES;
				SDKROOT = iphoneos;
				SWIFT_ACTIVE_COMPILATION_CONDITIONS = DEBUG;
				SWIFT_OPTIMIZATION_LEVEL = "-Onone";
				TARGETED_DEVICE_FAMILY = "1,2";
			};
			name = Debug;
		};
		7AA3A0D31F62D3D5005D080D /* Release */ = {
			isa = XCBuildConfiguration;
			buildSettings = {
				ALWAYS_SEARCH_USER_PATHS = NO;
				CLANG_ANALYZER_NONNULL = YES;
				CLANG_ANALYZER_NUMBER_OBJECT_CONVERSION = YES_AGGRESSIVE;
				CLANG_CXX_LANGUAGE_STANDARD = "gnu++0x";
				CLANG_CXX_LIBRARY = "libc++";
				CLANG_ENABLE_MODULES = YES;
				CLANG_ENABLE_OBJC_ARC = YES;
				CLANG_WARN_BOOL_CONVERSION = YES;
				CLANG_WARN_CONSTANT_CONVERSION = YES;
				CLANG_WARN_DIRECT_OBJC_ISA_USAGE = YES_ERROR;
				CLANG_WARN_DOCUMENTATION_COMMENTS = YES;
				CLANG_WARN_EMPTY_BODY = YES;
				CLANG_WARN_ENUM_CONVERSION = YES;
				CLANG_WARN_INFINITE_RECURSION = YES;
				CLANG_WARN_INT_CONVERSION = YES;
				CLANG_WARN_OBJC_ROOT_CLASS = YES_ERROR;
				CLANG_WARN_SUSPICIOUS_MOVE = YES;
				CLANG_WARN_UNREACHABLE_CODE = YES;
				CLANG_WARN__DUPLICATE_METHOD_MATCH = YES;
				"CODE_SIGN_IDENTITY[sdk=iphoneos*]" = "iPhone Developer";
				COPY_PHASE_STRIP = NO;
				DEBUG_INFORMATION_FORMAT = "dwarf-with-dsym";
				ENABLE_NS_ASSERTIONS = NO;
				ENABLE_STRICT_OBJC_MSGSEND = YES;
				GCC_C_LANGUAGE_STANDARD = gnu99;
				GCC_NO_COMMON_BLOCKS = YES;
				GCC_WARN_64_TO_32_BIT_CONVERSION = YES;
				GCC_WARN_ABOUT_RETURN_TYPE = YES_ERROR;
				GCC_WARN_UNDECLARED_SELECTOR = YES;
				GCC_WARN_UNINITIALIZED_AUTOS = YES_AGGRESSIVE;
				GCC_WARN_UNUSED_FUNCTION = YES;
				GCC_WARN_UNUSED_VARIABLE = YES;
				IPHONEOS_DEPLOYMENT_TARGET = 10.3;
				MTL_ENABLE_DEBUG_INFO = NO;
				SDKROOT = iphoneos;
				SWIFT_OPTIMIZATION_LEVEL = "-Owholemodule";
				TARGETED_DEVICE_FAMILY = "1,2";
				VALIDATE_PRODUCT = YES;
			};
			name = Release;
		};
		7AA3A0D51F62D3D5005D080D /* Debug */ = {
			isa = XCBuildConfiguration;
			baseConfigurationReference = 7A8997E31F62DA22004E428C /* Config-Debug.xcconfig */;
			buildSettings = {
				ASSETCATALOG_COMPILER_APPICON_NAME = AppIcon;
				DEVELOPMENT_TEAM = 8VS9JKFDZS;
				FRAMEWORK_SEARCH_PATHS = (
					"$(inherited)",
					"$(PROJECT_DIR)",
				);
				INFOPLIST_FILE = BBTestAppUploadToFabric/Info.plist;
				LD_RUNPATH_SEARCH_PATHS = "$(inherited) @executable_path/Frameworks";
				PRODUCT_BUNDLE_IDENTIFIER = com.buddybuild.BBTestAppUploadToFabric;
				PRODUCT_NAME = "$(TARGET_NAME)";
				SWIFT_VERSION = 3.0;
			};
			name = Debug;
		};
		7AA3A0D61F62D3D5005D080D /* Release */ = {
			isa = XCBuildConfiguration;
			baseConfigurationReference = 7A8997E41F62DABB004E428C /* Config-Release.xcconfig */;
			buildSettings = {
				ASSETCATALOG_COMPILER_APPICON_NAME = AppIcon;
				DEVELOPMENT_TEAM = 8VS9JKFDZS;
				FRAMEWORK_SEARCH_PATHS = (
					"$(inherited)",
					"$(PROJECT_DIR)",
				);
				INFOPLIST_FILE = BBTestAppUploadToFabric/Info.plist;
				LD_RUNPATH_SEARCH_PATHS = "$(inherited) @executable_path/Frameworks";
				PRODUCT_BUNDLE_IDENTIFIER = com.buddybuild.BBTestAppUploadToFabric;
				PRODUCT_NAME = "$(TARGET_NAME)";
				SWIFT_VERSION = 3.0;
			};
			name = Release;
		};
/* End XCBuildConfiguration section */

/* Begin XCConfigurationList section */
		7AA3A0BD1F62D3D5005D080D /* Build configuration list for PBXProject "BBTestAppUploadToFabric" */ = {
			isa = XCConfigurationList;
			buildConfigurations = (
				7AA3A0D21F62D3D5005D080D /* Debug */,
				7AA3A0D31F62D3D5005D080D /* Release */,
			);
			defaultConfigurationIsVisible = 0;
			defaultConfigurationName = Release;
		};
		7AA3A0D41F62D3D5005D080D /* Build configuration list for PBXNativeTarget "BBTestAppUploadToFabric" */ = {
			isa = XCConfigurationList;
			buildConfigurations = (
				7AA3A0D51F62D3D5005D080D /* Debug */,
				7AA3A0D61F62D3D5005D080D /* Release */,
			);
			defaultConfigurationIsVisible = 0;
			defaultConfigurationName = Release;
		};
/* End XCConfigurationList section */
	};
	rootObject = 7AA3A0BA1F62D3D5005D080D /* Project object */;
}
